{
  "requires": true,
  "lockfileVersion": 1,
  "dependencies": {
    "estree-to-js": {
      "version": "0.4.0",
      "resolved": "https://registry.npmjs.org/estree-to-js/-/estree-to-js-0.4.0.tgz",
      "integrity": "sha512-c0hRCpN94ei6psqCJsRDx3AHG9E6udNew39oXOR+vp7wAZoMXN7LoLeQoMVA/QUi0ggBkGKkxTDCPUTWu09AGA==",
      "requires": {
        "lively.lang": "^0.5.15"
      },
      "dependencies": {
        "lively.lang": {
          "version": "0.5.26",
          "resolved": "https://registry.npmjs.org/lively.lang/-/lively.lang-0.5.26.tgz",
          "integrity": "sha1-dsk1nvrdeca1TMHU5Ooo6xyk2oA="
        }
      }
    },
    "lively.ast": {
      "version": "0.11.0",
      "resolved": "https://registry.npmjs.org/lively.ast/-/lively.ast-0.11.0.tgz",
      "integrity": "sha512-E82hO31YaUYdww1oxwNQhf0qAwjE7r4Tk9NOmXGmNTxdqbodK42LLBPohFBg8CYbD8Yk9UxSAxmTAWY3mIhaWQ==",
      "requires": {
        "lively.lang": "^1.0.0"
      }
    },
    "lively.lang": {
      "version": "1.0.23",
      "resolved": "https://registry.npmjs.org/lively.lang/-/lively.lang-1.0.23.tgz",
      "integrity": "sha512-QaVHErL40r1gHh+r3lvG2hpDfJfM47VfCpySFxaL4ce/M20rKSdcgufeJYS2CIDLu1S2xZVpZKoKaUKp6eN8bg=="
    }
  }
}
